
Microsoft Visual Studio Solution File, Format Version 12.00
# Visual Studio 2012
Project("{F184B08F-C81C-45F6-A57F-5ABD9991F28F}") = "CurrencyConverter", "CurrencyConverter\CurrencyConverter.vbproj", "{1619F3C4-D4FD-4B7F-9D55-1A0512F2C5E9}"
EndProject
Global
	GlobalSection(SolutionConfigurationPlatforms) = preSolution
		Debug|Any CPU = Debug|Any CPU
		Release|Any CPU = Release|Any CPU
	EndGlobalSection
	GlobalSection(ProjectConfigurationPlatforms) = postSolution
		{1619F3C4-D4FD-4B7F-9D55-1A0512F2C5E9}.Debug|Any CPU.ActiveCfg = Debug|Any CPU
		{1619F3C4-D4FD-4B7F-9D55-1A0512F2C5E9}.Debug|Any CPU.Build.0 = Debug|Any CPU
		{1619F3C4-D4FD-4B7F-9D55-1A0512F2C5E9}.Release|Any CPU.ActiveCfg = Release|Any CPU
		{1619F3C4-D4FD-4B7F-9D55-1A0512F2C5E9}.Release|Any CPU.Build.0 = Release|Any CPU
	EndGlobalSection
	GlobalSection(SolutionProperties) = preSolution
		HideSolutionNode = FALSE
	EndGlobalSection
EndGlobal
